
Microsoft Visual Studio Solution File, Format Version 12.00
# Visual Studio 15
VisualStudioVersion = 15.0.27703.2026
MinimumVisualStudioVersion = 10.0.40219.1
Project("{FAE04EC0-301F-11D3-BF4B-00C04F79EFBC}") = "Binjyo", "Binjyo\Binjyo.csproj", "{CAA84322-2B89-4115-94DB-AE524CFF100A}"
EndProject
Global
	GlobalSection(SolutionConfigurationPlatforms) = preSolution
		Debug|Any CPU = Debug|Any CPU
		Release|Any CPU = Release|Any CPU
	EndGlobalSection
	GlobalSection(ProjectConfigurationPlatforms) = postSolution
		{CAA84322-2B89-4115-94DB-AE524CFF100A}.Debug|Any CPU.ActiveCfg = Debug|Any CPU
		{CAA84322-2B89-4115-94DB-AE524CFF100A}.Debug|Any CPU.Build.0 = Debug|Any CPU
		{CAA84322-2B89-4115-94DB-AE524CFF100A}.Release|Any CPU.ActiveCfg = Release|Any CPU
		{CAA84322-2B89-4115-94DB-AE524CFF100A}.Release|Any CPU.Build.0 = Release|Any CPU
	EndGlobalSection
	GlobalSection(SolutionProperties) = preSolution
		HideSolutionNode = FALSE
	EndGlobalSection
	GlobalSection(ExtensibilityGlobals) = postSolution
		SolutionGuid = {5C72D2ED-8B70-479C-B3CB-EF28AFB7133D}
	EndGlobalSection
EndGlobal
